// !$*UTF8*$!
{
	archiveVersion = 1;
	classes = {
	};
	objectVersion = 48;
	objects = {

/* Begin PBXBuildFile section */
		0524FECF20A927E300E0F837 /* Neuron.cpp in Sources */ = {isa = PBXBuildFile; fileRef = 0524FECD20A927E300E0F837 /* Neuron.cpp */; };
		0524FED320A9284000E0F837 /* Network.cpp in Sources */ = {isa = PBXBuildFile; fileRef = 0524FED120A9284000E0F837 /* Network.cpp */; };
		0524FEDD20A92A7A00E0F837 /* Trainer.cpp in Sources */ = {isa = PBXBuildFile; fileRef = 0524FEDB20A92A7A00E0F837 /* Trainer.cpp */; };
		057512F0204496D60007FE76 /* main.cpp in Sources */ = {isa = PBXBuildFile; fileRef = 057512EF204496D60007FE76 /* main.cpp */; };
/* End PBXBuildFile section */

/* Begin PBXCopyFilesBuildPhase section */
		057512EA204496D60007FE76 /* CopyFiles */ = {
			isa = PBXCopyFilesBuildPhase;
			buildActionMask = 2147483647;
			dstPath = /usr/share/man/man1/;
			dstSubfolderSpec = 0;
			files = (
			);
			runOnlyForDeploymentPostprocessing = 1;
		};
/* End PBXCopyFilesBuildPhase section */

/* Begin PBXFileReference section */
		0524FEC920A926D500E0F837 /* xor.dat */ = {isa = PBXFileReference; lastKnownFileType = text; path = xor.dat; sourceTree = "<group>"; };
		0524FECD20A927E300E0F837 /* Neuron.cpp */ = {isa = PBXFileReference; lastKnownFileType = sourcecode.cpp.cpp; path = Neuron.cpp; sourceTree = "<group>"; };
		0524FED020A9281F00E0F837 /* Neuron.hpp */ = {isa = PBXFileReference; lastKnownFileType = sourcecode.cpp.h; path = Neuron.hpp; sourceTree = "<group>"; };
		0524FED120A9284000E0F837 /* Network.cpp */ = {isa = PBXFileReference; lastKnownFileType = sourcecode.cpp.cpp; path = Network.cpp; sourceTree = "<group>"; };
		0524FED220A9284000E0F837 /* Network.hpp */ = {isa = PBXFileReference; lastKnownFileType = sourcecode.cpp.h; path = Network.hpp; sourceTree = "<group>"; };
		0524FEDB20A92A7A00E0F837 /* Trainer.cpp */ = {isa = PBXFileReference; lastKnownFileType = sourcecode.cpp.cpp; path = Trainer.cpp; sourceTree = "<group>"; };
		0524FEDC20A92A7A00E0F837 /* Trainer.hpp */ = {isa = PBXFileReference; lastKnownFileType = sourcecode.cpp.h; path = Trainer.hpp; sourceTree = "<group>"; };
		057512EC204496D60007FE76 /* NeuralNetwork_1 */ = {isa = PBXFileReference; explicitFileType = "compiled.mach-o.executable"; includeInIndex = 0; path = NeuralNetwork_1; sourceTree = BUILT_PRODUCTS_DIR; };
		057512EF204496D60007FE76 /* main.cpp */ = {isa = PBXFileReference; lastKnownFileType = sourcecode.cpp.cpp; path = main.cpp; sourceTree = "<group>"; };
/* End PBXFileReference section */

/* Begin PBXFrameworksBuildPhase section */
		057512E9204496D60007FE76 /* Frameworks */ = {
			isa = PBXFrameworksBuildPhase;
			buildActionMask = 2147483647;
			files = (
			);
			runOnlyForDeploymentPostprocessing = 0;
		};
/* End PBXFrameworksBuildPhase section */

/* Begin PBXGroup section */
		0524FED420A928D400E0F837 /* core */ = {
			isa = PBXGroup;
			children = (
				057512EF204496D60007FE76 /* main.cpp */,
				0524FEDE20A92AEF00E0F837 /* Trainer */,
				0524FED620A928E800E0F837 /* Neuron */,
				0524FED720A928ED00E0F837 /* Network */,
			);
			path = core;
			sourceTree = "<group>";
		};
		0524FED520A928DB00E0F837 /* dat */ = {
			isa = PBXGroup;
			children = (
				0524FEC920A926D500E0F837 /* xor.dat */,
			);
			path = dat;
			sourceTree = "<group>";
		};
		0524FED620A928E800E0F837 /* Neuron */ = {
			isa = PBXGroup;
			children = (
				0524FECD20A927E300E0F837 /* Neuron.cpp */,
				0524FED020A9281F00E0F837 /* Neuron.hpp */,
			);
			path = Neuron;
			sourceTree = "<group>";
		};
		0524FED720A928ED00E0F837 /* Network */ = {
			isa = PBXGroup;
			children = (
				0524FED120A9284000E0F837 /* Network.cpp */,
				0524FED220A9284000E0F837 /* Network.hpp */,
			);
			path = Network;
			sourceTree = "<group>";
		};
		0524FEDE20A92AEF00E0F837 /* Trainer */ = {
			isa = PBXGroup;
			children = (
				0524FEDB20A92A7A00E0F837 /* Trainer.cpp */,
				0524FEDC20A92A7A00E0F837 /* Trainer.hpp */,
			);
			path = Trainer;
			sourceTree = "<group>";
		};
		057512E3204496D60007FE76 = {
			isa = PBXGroup;
			children = (
				057512EE204496D60007FE76 /* NeuralNetwork_1 */,
				057512ED204496D60007FE76 /* Products */,
			);
			sourceTree = "<group>";
		};
		057512ED204496D60007FE76 /* Products */ = {
			isa = PBXGroup;
			children = (
				057512EC204496D60007FE76 /* NeuralNetwork_1 */,
			);
			name = Products;
			sourceTree = "<group>";
		};
		057512EE204496D60007FE76 /* NeuralNetwork_1 */ = {
			isa = PBXGroup;
			children = (
				0524FED420A928D400E0F837 /* core */,
				0524FED520A928DB00E0F837 /* dat */,
			);
			path = NeuralNetwork_1;
			sourceTree = "<group>";
		};
/* End PBXGroup section */

/* Begin PBXNativeTarget section */
		057512EB204496D60007FE76 /* NeuralNetwork_1 */ = {
			isa = PBXNativeTarget;
			buildConfigurationList = 057512F3204496D60007FE76 /* Build configuration list for PBXNativeTarget "NeuralNetwork_1" */;
			buildPhases = (
				057512E8204496D60007FE76 /* Sources */,
				057512E9204496D60007FE76 /* Frameworks */,
				057512EA204496D60007FE76 /* CopyFiles */,
			);
			buildRules = (
			);
			dependencies = (
			);
			name = NeuralNetwork_1;
			productName = NeuralNetwork_1;
			productReference = 057512EC204496D60007FE76 /* NeuralNetwork_1 */;
			productType = "com.apple.product-type.tool";
		};
/* End PBXNativeTarget section */

/* Begin PBXProject section */
		057512E4204496D60007FE76 /* Project object */ = {
			isa = PBXProject;
			attributes = {
				LastUpgradeCheck = 0920;
				ORGANIZATIONNAME = BCR;
				TargetAttributes = {
					057512EB204496D60007FE76 = {
						CreatedOnToolsVersion = 9.2;
						ProvisioningStyle = Automatic;
					};
				};
			};
			buildConfigurationList = 057512E7204496D60007FE76 /* Build configuration list for PBXProject "NeuralNetwork_1" */;
			compatibilityVersion = "Xcode 8.0";
			developmentRegion = en;
			hasScannedForEncodings = 0;
			knownRegions = (
				en,
			);
			mainGroup = 057512E3204496D60007FE76;
			productRefGroup = 057512ED204496D60007FE76 /* Products */;
			projectDirPath = "";
			projectRoot = "";
			targets = (
				057512EB204496D60007FE76 /* NeuralNetwork_1 */,
			);
		};
/* End PBXProject section */

/* Begin PBXSourcesBuildPhase section */
		057512E8204496D60007FE76 /* Sources */ = {
			isa = PBXSourcesBuildPhase;
			buildActionMask = 2147483647;
			files = (
				0524FECF20A927E300E0F837 /* Neuron.cpp in Sources */,
				0524FEDD20A92A7A00E0F837 /* Trainer.cpp in Sources */,
				0524FED320A9284000E0F837 /* Network.cpp in Sources */,
				057512F0204496D60007FE76 /* main.cpp in Sources */,
			);
			runOnlyForDeploymentPostprocessing = 0;
		};
/* End PBXSourcesBuildPhase section */

/* Begin XCBuildConfiguration section */
		057512F1204496D60007FE76 /* Debug */ = {
			isa = XCBuildConfiguration;
			buildSettings = {
				ALWAYS_SEARCH_USER_PATHS = NO;
				CLANG_ANALYZER_NONNULL = YES;
				CLANG_ANALYZER_NUMBER_OBJECT_CONVERSION = YES_AGGRESSIVE;
				CLANG_CXX_LANGUAGE_STANDARD = "gnu++14";
				CLANG_CXX_LIBRARY = "libc++";
				CLANG_ENABLE_MODULES = YES;
				CLANG_ENABLE_OBJC_ARC = YES;
				CLANG_WARN_BLOCK_CAPTURE_AUTORELEASING = YES;
				CLANG_WARN_BOOL_CONVERSION = YES;
				CLANG_WARN_COMMA = YES;
				CLANG_WARN_CONSTANT_CONVERSION = YES;
				CLANG_WARN_DIRECT_OBJC_ISA_USAGE = YES_ERROR;
				CLANG_WARN_DOCUMENTATION_COMMENTS = YES;
				CLANG_WARN_EMPTY_BODY = YES;
				CLANG_WARN_ENUM_CONVERSION = YES;
				CLANG_WARN_INFINITE_RECURSION = YES;
				CLANG_WARN_INT_CONVERSION = YES;
				CLANG_WARN_NON_LITERAL_NULL_CONVERSION = YES;
				CLANG_WARN_OBJC_LITERAL_CONVERSION = YES;
				CLANG_WARN_OBJC_ROOT_CLASS = YES_ERROR;
				CLANG_WARN_RANGE_LOOP_ANALYSIS = YES;
				CLANG_WARN_STRICT_PROTOTYPES = YES;
				CLANG_WARN_SUSPICIOUS_MOVE = YES;
				CLANG_WARN_UNGUARDED_AVAILABILITY = YES_AGGRESSIVE;
				CLANG_WARN_UNREACHABLE_CODE = YES;
				CLANG_WARN__DUPLICATE_METHOD_MATCH = YES;
				CODE_SIGN_IDENTITY = "Mac Developer";
				COPY_PHASE_STRIP = NO;
				DEBUG_INFORMATION_FORMAT = dwarf;
				ENABLE_STRICT_OBJC_MSGSEND = YES;
				ENABLE_TESTABILITY = YES;
				GCC_C_LANGUAGE_STANDARD = gnu11;
				GCC_DYNAMIC_NO_PIC = NO;
				GCC_NO_COMMON_BLOCKS = YES;
				GCC_OPTIMIZATION_LEVEL = 0;
				GCC_PREPROCESSOR_DEFINITIONS = (
					"DEBUG=1",
					"$(inherited)",
				);
				GCC_WARN_64_TO_32_BIT_CONVERSION = YES;
				GCC_WARN_ABOUT_RETURN_TYPE = YES_ERROR;
				GCC_WARN_UNDECLARED_SELECTOR = YES;
				GCC_WARN_UNINITIALIZED_AUTOS = YES_AGGRESSIVE;
				GCC_WARN_UNUSED_FUNCTION = YES;
				GCC_WARN_UNUSED_VARIABLE = YES;
				MACOSX_DEPLOYMENT_TARGET = 10.13;
				MTL_ENABLE_DEBUG_INFO = YES;
				ONLY_ACTIVE_ARCH = YES;
				SDKROOT = macosx;
			};
			name = Debug;
		};
		057512F2204496D60007FE76 /* Release */ = {
			isa = XCBuildConfiguration;
			buildSettings = {
				ALWAYS_SEARCH_USER_PATHS = NO;
				CLANG_ANALYZER_NONNULL = YES;
				CLANG_ANALYZER_NUMBER_OBJECT_CONVERSION = YES_AGGRESSIVE;
				CLANG_CXX_LANGUAGE_STANDARD = "gnu++14";
				CLANG_CXX_LIBRARY = "libc++";
				CLANG_ENABLE_MODULES = YES;
				CLANG_ENABLE_OBJC_ARC = YES;
				CLANG_WARN_BLOCK_CAPTURE_AUTORELEASING = YES;
				CLANG_WARN_BOOL_CONVERSION = YES;
				CLANG_WARN_COMMA = YES;
				CLANG_WARN_CONSTANT_CONVERSION = YES;
				CLANG_WARN_DIRECT_OBJC_ISA_USAGE = YES_ERROR;
				CLANG_WARN_DOCUMENTATION_COMMENTS = YES;
				CLANG_WARN_EMPTY_BODY = YES;
				CLANG_WARN_ENUM_CONVERSION = YES;
				CLANG_WARN_INFINITE_RECURSION = YES;
				CLANG_WARN_INT_CONVERSION = YES;
				CLANG_WARN_NON_LITERAL_NULL_CONVERSION = YES;
				CLANG_WARN_OBJC_LITERAL_CONVERSION = YES;
				CLANG_WARN_OBJC_ROOT_CLASS = YES_ERROR;
				CLANG_WARN_RANGE_LOOP_ANALYSIS = YES;
				CLANG_WARN_STRICT_PROTOTYPES = YES;
				CLANG_WARN_SUSPICIOUS_MOVE = YES;
				CLANG_WARN_UNGUARDED_AVAILABILITY = YES_AGGRESSIVE;
				CLANG_WARN_UNREACHABLE_CODE = YES;
				CLANG_WARN__DUPLICATE_METHOD_MATCH = YES;
				CODE_SIGN_IDENTITY = "Mac Developer";
				COPY_PHASE_STRIP = NO;
				DEBUG_INFORMATION_FORMAT = "dwarf-with-dsym";
				ENABLE_NS_ASSERTIONS = NO;
				ENABLE_STRICT_OBJC_MSGSEND = YES;
				GCC_C_LANGUAGE_STANDARD = gnu11;
				GCC_NO_COMMON_BLOCKS = YES;
				GCC_WARN_64_TO_32_BIT_CONVERSION = YES;
				GCC_WARN_ABOUT_RETURN_TYPE = YES_ERROR;
				GCC_WARN_UNDECLARED_SELECTOR = YES;
				GCC_WARN_UNINITIALIZED_AUTOS = YES_AGGRESSIVE;
				GCC_WARN_UNUSED_FUNCTION = YES;
				GCC_WARN_UNUSED_VARIABLE = YES;
				MACOSX_DEPLOYMENT_TARGET = 10.13;
				MTL_ENABLE_DEBUG_INFO = NO;
				SDKROOT = macosx;
			};
			name = Release;
		};
		057512F4204496D60007FE76 /* Debug */ = {
			isa = XCBuildConfiguration;
			buildSettings = {
				CODE_SIGN_STYLE = Automatic;
				DEVELOPMENT_TEAM = TBZ4R3TGTE;
				PRODUCT_NAME = "$(TARGET_NAME)";
			};
			name = Debug;
		};
		057512F5204496D60007FE76 /* Release */ = {
			isa = XCBuildConfiguration;
			buildSettings = {
				CODE_SIGN_STYLE = Automatic;
				DEVELOPMENT_TEAM = TBZ4R3TGTE;
				PRODUCT_NAME = "$(TARGET_NAME)";
			};
			name = Release;
		};
/* End XCBuildConfiguration section */

/* Begin XCConfigurationList section */
		057512E7204496D60007FE76 /* Build configuration list for PBXProject "NeuralNetwork_1" */ = {
			isa = XCConfigurationList;
			buildConfigurations = (
				057512F1204496D60007FE76 /* Debug */,
				057512F2204496D60007FE76 /* Release */,
			);
			defaultConfigurationIsVisible = 0;
			defaultConfigurationName = Release;
		};
		057512F3204496D60007FE76 /* Build configuration list for PBXNativeTarget "NeuralNetwork_1" */ = {
			isa = XCConfigurationList;
			buildConfigurations = (
				057512F4204496D60007FE76 /* Debug */,
				057512F5204496D60007FE76 /* Release */,
			);
			defaultConfigurationIsVisible = 0;
			defaultConfigurationName = Release;
		};
/* End XCConfigurationList section */
	};
	rootObject = 057512E4204496D60007FE76 /* Project object */;
}
